
Microsoft Visual Studio Solution File, Format Version 12.00
# Visual Studio Version 16
VisualStudioVersion = 16.0.29613.14
MinimumVisualStudioVersion = 10.0.40219.1
Project("{9A19103F-16F7-4668-BE54-9A1E7A4F7556}") = "ArkBot", "ArkBot\ArkBot.csproj", "{FC07122F-54B6-4ACC-8BA6-3FD249A1736C}"
EndProject
Global
	GlobalSection(SolutionConfigurationPlatforms) = preSolution
		Debug|Any CPU = Debug|Any CPU
		Debug|x64 = Debug|x64
		Release|Any CPU = Release|Any CPU
		Release|x64 = Release|x64
	EndGlobalSection
	GlobalSection(ProjectConfigurationPlatforms) = postSolution
		{FC07122F-54B6-4ACC-8BA6-3FD249A1736C}.Debug|Any CPU.ActiveCfg = Debug|x64
		{FC07122F-54B6-4ACC-8BA6-3FD249A1736C}.Debug|x64.ActiveCfg = Debug|x64
		{FC07122F-54B6-4ACC-8BA6-3FD249A1736C}.Debug|x64.Build.0 = Debug|x64
		{FC07122F-54B6-4ACC-8BA6-3FD249A1736C}.Release|Any CPU.ActiveCfg = Release|x64
		{FC07122F-54B6-4ACC-8BA6-3FD249A1736C}.Release|x64.ActiveCfg = Release|x64
		{FC07122F-54B6-4ACC-8BA6-3FD249A1736C}.Release|x64.Build.0 = Release|x64
	EndGlobalSection
	GlobalSection(SolutionProperties) = preSolution
		HideSolutionNode = FALSE
	EndGlobalSection
	GlobalSection(ExtensibilityGlobals) = postSolution
		SolutionGuid = {904F90EB-0086-47A5-B571-D49EB19E2EAF}
	EndGlobalSection
EndGlobal
