
Microsoft Visual Studio Solution File, Format Version 12.00
# Visual Studio 14
VisualStudioVersion = 14.0.25420.1
MinimumVisualStudioVersion = 10.0.40219.1
Project("{FAE04EC0-301F-11D3-BF4B-00C04F79EFBC}") = "ArkBot", "ArkBot\ArkBot.csproj", "{BB61C4D0-0060-401B-BF8F-4747CBD86D9D}"
EndProject
Project("{FAE04EC0-301F-11D3-BF4B-00C04F79EFBC}") = "ArkBot.Tests", "ArkBot.Tests\ArkBot.Tests.csproj", "{F302C35B-97B4-4E9A-B628-F17FE7DB8A45}"
EndProject
Global
	GlobalSection(SolutionConfigurationPlatforms) = preSolution
		Debug|Any CPU = Debug|Any CPU
		Release|Any CPU = Release|Any CPU
	EndGlobalSection
	GlobalSection(ProjectConfigurationPlatforms) = postSolution
		{BB61C4D0-0060-401B-BF8F-4747CBD86D9D}.Debug|Any CPU.ActiveCfg = Debug|Any CPU
		{BB61C4D0-0060-401B-BF8F-4747CBD86D9D}.Debug|Any CPU.Build.0 = Debug|Any CPU
		{BB61C4D0-0060-401B-BF8F-4747CBD86D9D}.Release|Any CPU.ActiveCfg = Release|Any CPU
		{BB61C4D0-0060-401B-BF8F-4747CBD86D9D}.Release|Any CPU.Build.0 = Release|Any CPU
		{F302C35B-97B4-4E9A-B628-F17FE7DB8A45}.Debug|Any CPU.ActiveCfg = Debug|Any CPU
		{F302C35B-97B4-4E9A-B628-F17FE7DB8A45}.Debug|Any CPU.Build.0 = Debug|Any CPU
		{F302C35B-97B4-4E9A-B628-F17FE7DB8A45}.Release|Any CPU.ActiveCfg = Release|Any CPU
		{F302C35B-97B4-4E9A-B628-F17FE7DB8A45}.Release|Any CPU.Build.0 = Release|Any CPU
	EndGlobalSection
	GlobalSection(SolutionProperties) = preSolution
		HideSolutionNode = FALSE
	EndGlobalSection
EndGlobal
