
Microsoft Visual Studio Solution File, Format Version 12.00
# Visual Studio Version 16
VisualStudioVersion = 16.0.29102.190
MinimumVisualStudioVersion = 10.0.40219.1
Project("{FAE04EC0-301F-11D3-BF4B-00C04F79EFBC}") = "ArkBot", "ArkBot\ArkBot.csproj", "{BB61C4D0-0060-401B-BF8F-4747CBD86D9D}"
EndProject
Project("{FAE04EC0-301F-11D3-BF4B-00C04F79EFBC}") = "ArkBot.Tests", "ArkBot.Tests\ArkBot.Tests.csproj", "{F302C35B-97B4-4E9A-B628-F17FE7DB8A45}"
EndProject
Global
	GlobalSection(SolutionConfigurationPlatforms) = preSolution
		Debug|Any CPU = Debug|Any CPU
		Debug|x64 = Debug|x64
		Release|Any CPU = Release|Any CPU
		Release|x64 = Release|x64
	EndGlobalSection
	GlobalSection(ProjectConfigurationPlatforms) = postSolution
		{BB61C4D0-0060-401B-BF8F-4747CBD86D9D}.Debug|Any CPU.ActiveCfg = Debug|x64
		{BB61C4D0-0060-401B-BF8F-4747CBD86D9D}.Debug|Any CPU.Build.0 = Debug|x64
		{BB61C4D0-0060-401B-BF8F-4747CBD86D9D}.Debug|x64.ActiveCfg = Debug|x64
		{BB61C4D0-0060-401B-BF8F-4747CBD86D9D}.Debug|x64.Build.0 = Debug|x64
		{BB61C4D0-0060-401B-BF8F-4747CBD86D9D}.Release|Any CPU.ActiveCfg = Release|Any CPU
		{BB61C4D0-0060-401B-BF8F-4747CBD86D9D}.Release|Any CPU.Build.0 = Release|Any CPU
		{BB61C4D0-0060-401B-BF8F-4747CBD86D9D}.Release|x64.ActiveCfg = Release|x64
		{BB61C4D0-0060-401B-BF8F-4747CBD86D9D}.Release|x64.Build.0 = Release|x64
		{F302C35B-97B4-4E9A-B628-F17FE7DB8A45}.Debug|Any CPU.ActiveCfg = Debug|x64
		{F302C35B-97B4-4E9A-B628-F17FE7DB8A45}.Debug|x64.ActiveCfg = Debug|x64
		{F302C35B-97B4-4E9A-B628-F17FE7DB8A45}.Release|Any CPU.ActiveCfg = Release|Any CPU
		{F302C35B-97B4-4E9A-B628-F17FE7DB8A45}.Release|x64.ActiveCfg = Release|x64
	EndGlobalSection
	GlobalSection(SolutionProperties) = preSolution
		HideSolutionNode = FALSE
	EndGlobalSection
	GlobalSection(ExtensibilityGlobals) = postSolution
		SolutionGuid = {CAF3F7A8-BCB0-4EEA-9730-DF724C1C6C2C}
	EndGlobalSection
EndGlobal
